
Microsoft Visual Studio Solution File, Format Version 12.00
# Visual Studio Version 16
VisualStudioVersion = 16.0.28803.352
MinimumVisualStudioVersion = 10.0.40219.1
Project("{8BC9CEB8-8B4A-11D0-8D11-00A0C91BC942}") = "136. 只出现一次的数字", "136. 只出现一次的数字.vcxproj", "{E7ADD464-415D-4949-B1FF-FDC7D0302DFE}"
EndProject
Global
	GlobalSection(SolutionConfigurationPlatforms) = preSolution
		Debug|x64 = Debug|x64
		Debug|x86 = Debug|x86
		Release|x64 = Release|x64
		Release|x86 = Release|x86
	EndGlobalSection
	GlobalSection(ProjectConfigurationPlatforms) = postSolution
		{E7ADD464-415D-4949-B1FF-FDC7D0302DFE}.Debug|x64.ActiveCfg = Debug|x64
		{E7ADD464-415D-4949-B1FF-FDC7D0302DFE}.Debug|x64.Build.0 = Debug|x64
		{E7ADD464-415D-4949-B1FF-FDC7D0302DFE}.Debug|x86.ActiveCfg = Debug|Win32
		{E7ADD464-415D-4949-B1FF-FDC7D0302DFE}.Debug|x86.Build.0 = Debug|Win32
		{E7ADD464-415D-4949-B1FF-FDC7D0302DFE}.Release|x64.ActiveCfg = Release|x64
		{E7ADD464-415D-4949-B1FF-FDC7D0302DFE}.Release|x64.Build.0 = Release|x64
		{E7ADD464-415D-4949-B1FF-FDC7D0302DFE}.Release|x86.ActiveCfg = Release|Win32
		{E7ADD464-415D-4949-B1FF-FDC7D0302DFE}.Release|x86.Build.0 = Release|Win32
	EndGlobalSection
	GlobalSection(SolutionProperties) = preSolution
		HideSolutionNode = FALSE
	EndGlobalSection
	GlobalSection(ExtensibilityGlobals) = postSolution
		SolutionGuid = {FDCAED51-7F6B-4F75-B567-85BC53F3F1C9}
	EndGlobalSection
EndGlobal
